
Microsoft Visual Studio Solution File, Format Version 12.00
# Visual Studio Version 17
VisualStudioVersion = 17.4.33403.182
MinimumVisualStudioVersion = 10.0.40219.1
Project("{FAE04EC0-301F-11D3-BF4B-00C04F79EFBC}") = "RabbitmqPublisher1", "RabbitmqPublisher1.csproj", "{815EFC88-3D05-4BA6-97BB-89B442D524CC}"
EndProject
Global
	GlobalSection(SolutionConfigurationPlatforms) = preSolution
		Debug|Any CPU = Debug|Any CPU
		Release|Any CPU = Release|Any CPU
	EndGlobalSection
	GlobalSection(ProjectConfigurationPlatforms) = postSolution
		{815EFC88-3D05-4BA6-97BB-89B442D524CC}.Debug|Any CPU.ActiveCfg = Debug|Any CPU
		{815EFC88-3D05-4BA6-97BB-89B442D524CC}.Debug|Any CPU.Build.0 = Debug|Any CPU
		{815EFC88-3D05-4BA6-97BB-89B442D524CC}.Release|Any CPU.ActiveCfg = Release|Any CPU
		{815EFC88-3D05-4BA6-97BB-89B442D524CC}.Release|Any CPU.Build.0 = Release|Any CPU
	EndGlobalSection
	GlobalSection(SolutionProperties) = preSolution
		HideSolutionNode = FALSE
	EndGlobalSection
	GlobalSection(ExtensibilityGlobals) = postSolution
		SolutionGuid = {CC099FC9-2A83-4BA5-AA2D-C40F3A1C8E75}
	EndGlobalSection
EndGlobal
